
Microsoft Visual Studio Solution File, Format Version 12.00
# Visual Studio Version 17
VisualStudioVersion = 17.0.31903.59
MinimumVisualStudioVersion = 10.0.40219.1
Project("{2150E333-8FDC-42A3-9474-1A3956D46DE8}") = "src", "src", "{41AE6A66-E67D-4F93-B3BA-B189A9AADBE5}"
EndProject
Project("{2150E333-8FDC-42A3-9474-1A3956D46DE8}") = "tests", "tests", "{2553874B-AB6A-4E6A-89E9-6C62A0296BA7}"
EndProject
Project("{2150E333-8FDC-42A3-9474-1A3956D46DE8}") = "Shared", "Shared", "{D68B7F3B-DDEF-4006-B331-8B233CB60074}"
EndProject
Project("{2150E333-8FDC-42A3-9474-1A3956D46DE8}") = "QuizService", "QuizService", "{7282354D-59AC-433A-81DD-F6E363790B5A}"
EndProject
Project("{2150E333-8FDC-42A3-9474-1A3956D46DE8}") = "NotificationService", "NotificationService", "{D657E525-9001-4534-88FE-CA7D24129D97}"
EndProject
Project("{2150E333-8FDC-42A3-9474-1A3956D46DE8}") = "QuestionService", "QuestionService", "{B7040F32-9567-468F-BE50-F41DF45A1540}"
EndProject
Project("{2150E333-8FDC-42A3-9474-1A3956D46DE8}") = "UserService", "UserService", "{8EEC121F-3C19-47CD-9B11-CE238F29404E}"
EndProject
Project("{9A19103F-16F7-4668-BE54-9A1E7A4F7556}") = "Shared.Domain", "src\Shared\Shared.Domain\Shared.Domain.csproj", "{F518FA80-D252-4A64-ADB4-B67210D471EA}"
EndProject
Project("{9A19103F-16F7-4668-BE54-9A1E7A4F7556}") = "QuestionService.Domain", "src\QuestionService\QuestionService.Domain\QuestionService.Domain.csproj", "{3110831F-3F40-4C65-8EA5-531D917F7676}"
EndProject
Project("{9A19103F-16F7-4668-BE54-9A1E7A4F7556}") = "QuestionService.Application", "src\QuestionService\QuestionService.Application\QuestionService.Application.csproj", "{9F4C3BF0-62F6-4A36-9410-F3E7D28C712C}"
EndProject
Project("{9A19103F-16F7-4668-BE54-9A1E7A4F7556}") = "QuestionService.Infrastructure", "src\QuestionService\QuestionService.Infrastructure\QuestionService.Infrastructure.csproj", "{534FCDB3-33DB-4182-B1F9-8010497ABC6E}"
EndProject
Project("{9A19103F-16F7-4668-BE54-9A1E7A4F7556}") = "QuestionService.API", "src\QuestionService\QuestionService.API\QuestionService.API.csproj", "{5B2C8D02-6A67-40F9-940C-4ACF44F1F103}"
EndProject
Project("{9A19103F-16F7-4668-BE54-9A1E7A4F7556}") = "QuestionService.Application.Tests", "tests\QuestionService\QuestionService.Application.Tests\QuestionService.Application.Tests.csproj", "{EACEE6C1-9EFF-42A0-98E2-E02039D3BE20}"
EndProject
Project("{9A19103F-16F7-4668-BE54-9A1E7A4F7556}") = "QuizService.API", "src\QuizService\QuizService.API\QuizService.API.csproj", "{DD718E55-84C6-47CA-8104-0EB97E4364CE}"
EndProject
Project("{9A19103F-16F7-4668-BE54-9A1E7A4F7556}") = "QuizService.Application", "src\QuizService\QuizService.Application\QuizService.Application.csproj", "{CC4CE3F9-6375-4B41-BA55-8673871E9D81}"
EndProject
Project("{9A19103F-16F7-4668-BE54-9A1E7A4F7556}") = "QuizService.Domain", "src\QuizService\QuizService.Domain\QuizService.Domain.csproj", "{786FB233-358F-453F-A925-5DC2CE17FD4D}"
EndProject
Project("{9A19103F-16F7-4668-BE54-9A1E7A4F7556}") = "QuizService.Infrastructure", "src\QuizService\QuizService.Infrastructure\QuizService.Infrastructure.csproj", "{B8493658-1FC6-4061-8D2D-963915E3D179}"
EndProject
Project("{9A19103F-16F7-4668-BE54-9A1E7A4F7556}") = "QuizService.Application.Tests", "tests\QuizService\QuizService.Application.Tests\QuizService.Application.Tests.csproj", "{8FC6AEDD-DD3A-4796-BC0A-41A0F33C194C}"
EndProject
Project("{FAE04EC0-301F-11D3-BF4B-00C04F79EFBC}") = "QuestionService.Grpc", "src\QuestionService\QuestionService.Grpc\QuestionService.Grpc.csproj", "{0DD22478-1F03-53AD-8A2F-016AAD31F411}"
EndProject
Project("{E53339B2-1760-4266-BCC7-CA923CBCF16C}") = "docker-compose", "docker-compose.dcproj", "{81DDED9D-158B-E303-5F62-77A2896D2A5A}"
EndProject
Project("{FAE04EC0-301F-11D3-BF4B-00C04F79EFBC}") = "QuizService.Domain.Tests", "tests\QuizService\QuizService.Domain.Tests\QuizService.Domain.Tests.csproj", "{A5D7C2F8-B9C4-4A15-9E9C-7E9B2E5E8A1D}"
EndProject
Project("{2150E333-8FDC-42A3-9474-1A3956D46DE8}") = "QuestionService", "QuestionService", "{02EA681E-C7D8-13C7-8484-4AC65E1B71E8}"
EndProject
Project("{2150E333-8FDC-42A3-9474-1A3956D46DE8}") = "QuizService", "QuizService", "{D20BD56E-AF83-4E86-9FDB-993A1016379D}"
EndProject
Global
	GlobalSection(SolutionConfigurationPlatforms) = preSolution
		Debug|Any CPU = Debug|Any CPU
		Release|Any CPU = Release|Any CPU
	EndGlobalSection
	GlobalSection(ProjectConfigurationPlatforms) = postSolution
		{F518FA80-D252-4A64-ADB4-B67210D471EA}.Debug|Any CPU.ActiveCfg = Debug|Any CPU
		{F518FA80-D252-4A64-ADB4-B67210D471EA}.Debug|Any CPU.Build.0 = Debug|Any CPU
		{F518FA80-D252-4A64-ADB4-B67210D471EA}.Release|Any CPU.ActiveCfg = Release|Any CPU
		{F518FA80-D252-4A64-ADB4-B67210D471EA}.Release|Any CPU.Build.0 = Release|Any CPU
		{3110831F-3F40-4C65-8EA5-531D917F7676}.Debug|Any CPU.ActiveCfg = Debug|Any CPU
		{3110831F-3F40-4C65-8EA5-531D917F7676}.Debug|Any CPU.Build.0 = Debug|Any CPU
		{3110831F-3F40-4C65-8EA5-531D917F7676}.Release|Any CPU.ActiveCfg = Release|Any CPU
		{3110831F-3F40-4C65-8EA5-531D917F7676}.Release|Any CPU.Build.0 = Release|Any CPU
		{9F4C3BF0-62F6-4A36-9410-F3E7D28C712C}.Debug|Any CPU.ActiveCfg = Debug|Any CPU
		{9F4C3BF0-62F6-4A36-9410-F3E7D28C712C}.Debug|Any CPU.Build.0 = Debug|Any CPU
		{9F4C3BF0-62F6-4A36-9410-F3E7D28C712C}.Release|Any CPU.ActiveCfg = Release|Any CPU
		{9F4C3BF0-62F6-4A36-9410-F3E7D28C712C}.Release|Any CPU.Build.0 = Release|Any CPU
		{534FCDB3-33DB-4182-B1F9-8010497ABC6E}.Debug|Any CPU.ActiveCfg = Debug|Any CPU
		{534FCDB3-33DB-4182-B1F9-8010497ABC6E}.Debug|Any CPU.Build.0 = Debug|Any CPU
		{534FCDB3-33DB-4182-B1F9-8010497ABC6E}.Release|Any CPU.ActiveCfg = Release|Any CPU
		{534FCDB3-33DB-4182-B1F9-8010497ABC6E}.Release|Any CPU.Build.0 = Release|Any CPU
		{5B2C8D02-6A67-40F9-940C-4ACF44F1F103}.Debug|Any CPU.ActiveCfg = Debug|Any CPU
		{5B2C8D02-6A67-40F9-940C-4ACF44F1F103}.Debug|Any CPU.Build.0 = Debug|Any CPU
		{5B2C8D02-6A67-40F9-940C-4ACF44F1F103}.Release|Any CPU.ActiveCfg = Release|Any CPU
		{5B2C8D02-6A67-40F9-940C-4ACF44F1F103}.Release|Any CPU.Build.0 = Release|Any CPU
		{EACEE6C1-9EFF-42A0-98E2-E02039D3BE20}.Debug|Any CPU.ActiveCfg = Debug|Any CPU
		{EACEE6C1-9EFF-42A0-98E2-E02039D3BE20}.Debug|Any CPU.Build.0 = Debug|Any CPU
		{EACEE6C1-9EFF-42A0-98E2-E02039D3BE20}.Release|Any CPU.ActiveCfg = Release|Any CPU
		{EACEE6C1-9EFF-42A0-98E2-E02039D3BE20}.Release|Any CPU.Build.0 = Release|Any CPU
		{DD718E55-84C6-47CA-8104-0EB97E4364CE}.Debug|Any CPU.ActiveCfg = Debug|Any CPU
		{DD718E55-84C6-47CA-8104-0EB97E4364CE}.Debug|Any CPU.Build.0 = Debug|Any CPU
		{DD718E55-84C6-47CA-8104-0EB97E4364CE}.Release|Any CPU.ActiveCfg = Release|Any CPU
		{DD718E55-84C6-47CA-8104-0EB97E4364CE}.Release|Any CPU.Build.0 = Release|Any CPU
		{CC4CE3F9-6375-4B41-BA55-8673871E9D81}.Debug|Any CPU.ActiveCfg = Debug|Any CPU
		{CC4CE3F9-6375-4B41-BA55-8673871E9D81}.Debug|Any CPU.Build.0 = Debug|Any CPU
		{CC4CE3F9-6375-4B41-BA55-8673871E9D81}.Release|Any CPU.ActiveCfg = Release|Any CPU
		{CC4CE3F9-6375-4B41-BA55-8673871E9D81}.Release|Any CPU.Build.0 = Release|Any CPU
		{786FB233-358F-453F-A925-5DC2CE17FD4D}.Debug|Any CPU.ActiveCfg = Debug|Any CPU
		{786FB233-358F-453F-A925-5DC2CE17FD4D}.Debug|Any CPU.Build.0 = Debug|Any CPU
		{786FB233-358F-453F-A925-5DC2CE17FD4D}.Release|Any CPU.ActiveCfg = Release|Any CPU
		{786FB233-358F-453F-A925-5DC2CE17FD4D}.Release|Any CPU.Build.0 = Release|Any CPU
		{B8493658-1FC6-4061-8D2D-963915E3D179}.Debug|Any CPU.ActiveCfg = Debug|Any CPU
		{B8493658-1FC6-4061-8D2D-963915E3D179}.Debug|Any CPU.Build.0 = Debug|Any CPU
		{B8493658-1FC6-4061-8D2D-963915E3D179}.Release|Any CPU.ActiveCfg = Release|Any CPU
		{B8493658-1FC6-4061-8D2D-963915E3D179}.Release|Any CPU.Build.0 = Release|Any CPU
		{8FC6AEDD-DD3A-4796-BC0A-41A0F33C194C}.Debug|Any CPU.ActiveCfg = Debug|Any CPU
		{8FC6AEDD-DD3A-4796-BC0A-41A0F33C194C}.Debug|Any CPU.Build.0 = Debug|Any CPU
		{8FC6AEDD-DD3A-4796-BC0A-41A0F33C194C}.Release|Any CPU.ActiveCfg = Release|Any CPU
		{8FC6AEDD-DD3A-4796-BC0A-41A0F33C194C}.Release|Any CPU.Build.0 = Release|Any CPU
		{0DD22478-1F03-53AD-8A2F-016AAD31F411}.Debug|Any CPU.ActiveCfg = Debug|Any CPU
		{0DD22478-1F03-53AD-8A2F-016AAD31F411}.Debug|Any CPU.Build.0 = Debug|Any CPU
		{0DD22478-1F03-53AD-8A2F-016AAD31F411}.Release|Any CPU.ActiveCfg = Release|Any CPU
		{0DD22478-1F03-53AD-8A2F-016AAD31F411}.Release|Any CPU.Build.0 = Release|Any CPU
		{81DDED9D-158B-E303-5F62-77A2896D2A5A}.Debug|Any CPU.ActiveCfg = Debug|Any CPU
		{81DDED9D-158B-E303-5F62-77A2896D2A5A}.Debug|Any CPU.Build.0 = Debug|Any CPU
		{81DDED9D-158B-E303-5F62-77A2896D2A5A}.Release|Any CPU.ActiveCfg = Release|Any CPU
		{81DDED9D-158B-E303-5F62-77A2896D2A5A}.Release|Any CPU.Build.0 = Release|Any CPU
		{A5D7C2F8-B9C4-4A15-9E9C-7E9B2E5E8A1D}.Debug|Any CPU.ActiveCfg = Debug|Any CPU
		{A5D7C2F8-B9C4-4A15-9E9C-7E9B2E5E8A1D}.Debug|Any CPU.Build.0 = Debug|Any CPU
		{A5D7C2F8-B9C4-4A15-9E9C-7E9B2E5E8A1D}.Release|Any CPU.ActiveCfg = Release|Any CPU
		{A5D7C2F8-B9C4-4A15-9E9C-7E9B2E5E8A1D}.Release|Any CPU.Build.0 = Release|Any CPU
	EndGlobalSection
	GlobalSection(SolutionProperties) = preSolution
		HideSolutionNode = FALSE
	EndGlobalSection
	GlobalSection(NestedProjects) = preSolution
		{D68B7F3B-DDEF-4006-B331-8B233CB60074} = {41AE6A66-E67D-4F93-B3BA-B189A9AADBE5}
		{7282354D-59AC-433A-81DD-F6E363790B5A} = {41AE6A66-E67D-4F93-B3BA-B189A9AADBE5}
		{D657E525-9001-4534-88FE-CA7D24129D97} = {41AE6A66-E67D-4F93-B3BA-B189A9AADBE5}
		{B7040F32-9567-468F-BE50-F41DF45A1540} = {41AE6A66-E67D-4F93-B3BA-B189A9AADBE5}
		{8EEC121F-3C19-47CD-9B11-CE238F29404E} = {41AE6A66-E67D-4F93-B3BA-B189A9AADBE5}
		{F518FA80-D252-4A64-ADB4-B67210D471EA} = {D68B7F3B-DDEF-4006-B331-8B233CB60074}
		{3110831F-3F40-4C65-8EA5-531D917F7676} = {B7040F32-9567-468F-BE50-F41DF45A1540}
		{9F4C3BF0-62F6-4A36-9410-F3E7D28C712C} = {B7040F32-9567-468F-BE50-F41DF45A1540}
		{534FCDB3-33DB-4182-B1F9-8010497ABC6E} = {B7040F32-9567-468F-BE50-F41DF45A1540}
		{5B2C8D02-6A67-40F9-940C-4ACF44F1F103} = {B7040F32-9567-468F-BE50-F41DF45A1540}
		{EACEE6C1-9EFF-42A0-98E2-E02039D3BE20} = {02EA681E-C7D8-13C7-8484-4AC65E1B71E8}
		{DD718E55-84C6-47CA-8104-0EB97E4364CE} = {7282354D-59AC-433A-81DD-F6E363790B5A}
		{CC4CE3F9-6375-4B41-BA55-8673871E9D81} = {7282354D-59AC-433A-81DD-F6E363790B5A}
		{786FB233-358F-453F-A925-5DC2CE17FD4D} = {7282354D-59AC-433A-81DD-F6E363790B5A}
		{B8493658-1FC6-4061-8D2D-963915E3D179} = {7282354D-59AC-433A-81DD-F6E363790B5A}
		{8FC6AEDD-DD3A-4796-BC0A-41A0F33C194C} = {D20BD56E-AF83-4E86-9FDB-993A1016379D}
		{0DD22478-1F03-53AD-8A2F-016AAD31F411} = {B7040F32-9567-468F-BE50-F41DF45A1540}
		{A5D7C2F8-B9C4-4A15-9E9C-7E9B2E5E8A1D} = {D20BD56E-AF83-4E86-9FDB-993A1016379D}
		{02EA681E-C7D8-13C7-8484-4AC65E1B71E8} = {2553874B-AB6A-4E6A-89E9-6C62A0296BA7}
		{D20BD56E-AF83-4E86-9FDB-993A1016379D} = {2553874B-AB6A-4E6A-89E9-6C62A0296BA7}
	EndGlobalSection
	GlobalSection(ExtensibilityGlobals) = postSolution
		SolutionGuid = {CAD04425-5E97-4B25-878B-32011A20D8FC}
	EndGlobalSection
EndGlobal
