
Microsoft Visual Studio Solution File, Format Version 12.00
# Visual Studio Version 17
VisualStudioVersion = 17.0.31903.59
MinimumVisualStudioVersion = 10.0.40219.1
Project("{2150E333-8FDC-42A3-9474-1A3956D46DE8}") = "src", "src", "{41AE6A66-E67D-4F93-B3BA-B189A9AADBE5}"
EndProject
Project("{2150E333-8FDC-42A3-9474-1A3956D46DE8}") = "tests", "tests", "{2553874B-AB6A-4E6A-89E9-6C62A0296BA7}"
EndProject
Project("{2150E333-8FDC-42A3-9474-1A3956D46DE8}") = "QuizService", "QuizService", "{7282354D-59AC-433A-81DD-F6E363790B5A}"
EndProject
Project("{2150E333-8FDC-42A3-9474-1A3956D46DE8}") = "NotificationService", "NotificationService", "{D657E525-9001-4534-88FE-CA7D24129D97}"
EndProject
Project("{2150E333-8FDC-42A3-9474-1A3956D46DE8}") = "QuestionService", "QuestionService", "{B7040F32-9567-468F-BE50-F41DF45A1540}"
EndProject
Project("{2150E333-8FDC-42A3-9474-1A3956D46DE8}") = "UserService", "UserService", "{8EEC121F-3C19-47CD-9B11-CE238F29404E}"
EndProject
Project("{9A19103F-16F7-4668-BE54-9A1E7A4F7556}") = "QuestionService.Domain", "src\Services\QuestionService\QuestionService.Domain\QuestionService.Domain.csproj", "{3110831F-3F40-4C65-8EA5-531D917F7676}"
EndProject
Project("{9A19103F-16F7-4668-BE54-9A1E7A4F7556}") = "QuestionService.Application", "src\Services\QuestionService\QuestionService.Application\QuestionService.Application.csproj", "{9F4C3BF0-62F6-4A36-9410-F3E7D28C712C}"
EndProject
Project("{9A19103F-16F7-4668-BE54-9A1E7A4F7556}") = "QuestionService.Infrastructure", "src\Services\QuestionService\QuestionService.Infrastructure\QuestionService.Infrastructure.csproj", "{534FCDB3-33DB-4182-B1F9-8010497ABC6E}"
EndProject
Project("{9A19103F-16F7-4668-BE54-9A1E7A4F7556}") = "QuestionService.API", "src\Services\QuestionService\QuestionService.API\QuestionService.API.csproj", "{5B2C8D02-6A67-40F9-940C-4ACF44F1F103}"
EndProject
Project("{9A19103F-16F7-4668-BE54-9A1E7A4F7556}") = "QuestionService.Application.Tests", "tests\QuestionService\QuestionService.Application.Tests\QuestionService.Application.Tests.csproj", "{EACEE6C1-9EFF-42A0-98E2-E02039D3BE20}"
EndProject
Project("{9A19103F-16F7-4668-BE54-9A1E7A4F7556}") = "QuizService.API", "src\Services\QuizService\QuizService.API\QuizService.API.csproj", "{DD718E55-84C6-47CA-8104-0EB97E4364CE}"
EndProject
Project("{9A19103F-16F7-4668-BE54-9A1E7A4F7556}") = "QuizService.Application", "src\Services\QuizService\QuizService.Application\QuizService.Application.csproj", "{CC4CE3F9-6375-4B41-BA55-8673871E9D81}"
EndProject
Project("{9A19103F-16F7-4668-BE54-9A1E7A4F7556}") = "QuizService.Domain", "src\Services\QuizService\QuizService.Domain\QuizService.Domain.csproj", "{786FB233-358F-453F-A925-5DC2CE17FD4D}"
EndProject
Project("{9A19103F-16F7-4668-BE54-9A1E7A4F7556}") = "QuizService.Infrastructure", "src\Services\QuizService\QuizService.Infrastructure\QuizService.Infrastructure.csproj", "{B8493658-1FC6-4061-8D2D-963915E3D179}"
EndProject
Project("{9A19103F-16F7-4668-BE54-9A1E7A4F7556}") = "QuizService.Application.Tests", "tests\QuizService\QuizService.Application.Tests\QuizService.Application.Tests.csproj", "{8FC6AEDD-DD3A-4796-BC0A-41A0F33C194C}"
EndProject
Project("{FAE04EC0-301F-11D3-BF4B-00C04F79EFBC}") = "QuestionService.Grpc", "src\Services\QuestionService\QuestionService.Grpc\QuestionService.Grpc.csproj", "{0DD22478-1F03-53AD-8A2F-016AAD31F411}"
EndProject
Project("{E53339B2-1760-4266-BCC7-CA923CBCF16C}") = "docker-compose", "docker-compose.dcproj", "{81DDED9D-158B-E303-5F62-77A2896D2A5A}"
EndProject
Project("{FAE04EC0-301F-11D3-BF4B-00C04F79EFBC}") = "QuizService.Domain.Tests", "tests\QuizService\QuizService.Domain.Tests\QuizService.Domain.Tests.csproj", "{A5D7C2F8-B9C4-4A15-9E9C-7E9B2E5E8A1D}"
EndProject
Project("{2150E333-8FDC-42A3-9474-1A3956D46DE8}") = "QuestionService", "QuestionService", "{02EA681E-C7D8-13C7-8484-4AC65E1B71E8}"
EndProject
Project("{2150E333-8FDC-42A3-9474-1A3956D46DE8}") = "QuizService", "QuizService", "{D20BD56E-AF83-4E86-9FDB-993A1016379D}"
EndProject
Project("{FAE04EC0-301F-11D3-BF4B-00C04F79EFBC}") = "QuestionService.Grpc.Proto", "src\Services\Contracts\QuestionService.Grpc.Proto\QuestionService.Grpc.Proto.csproj", "{E8421CB1-31D8-4672-ADAC-92FC6A2A2DED}"
EndProject
Project("{2150E333-8FDC-42A3-9474-1A3956D46DE8}") = "Services", "Services", "{728B1D03-DEAC-439E-9AAB-D8BD53D893D9}"
EndProject
Project("{2150E333-8FDC-42A3-9474-1A3956D46DE8}") = "BuildingBlocks", "BuildingBlocks", "{7AC9FBC4-C34C-432B-8CB8-DB452B3F652A}"
EndProject
Project("{2150E333-8FDC-42A3-9474-1A3956D46DE8}") = "EventBus", "EventBus", "{2BC621AF-A1D7-4CC9-8FBF-B0D72BB78F6D}"
EndProject
Project("{FAE04EC0-301F-11D3-BF4B-00C04F79EFBC}") = "BuildingBlocks.EventBus.Abstraction", "src\BuildingBlocks\EventBus\BuildingBlocks.EventBus.Abstraction\BuildingBlocks.EventBus.Abstraction.csproj", "{1F8FEB23-0237-4F69-BC2F-CB609CF5DE65}"
EndProject
Project("{FAE04EC0-301F-11D3-BF4B-00C04F79EFBC}") = "BuildingBlocks.EventBus.Distributed.RabbitMQ", "src\BuildingBlocks\EventBus\BuildingBlocks.EventBus.Distributed.RabbitMQ\BuildingBlocks.EventBus.Distributed.RabbitMQ.csproj", "{AE838E4A-7650-465E-B7F9-0A424E9AE956}"
EndProject
Project("{FAE04EC0-301F-11D3-BF4B-00C04F79EFBC}") = "BuildingBlocks.EventBus.Local", "src\BuildingBlocks\EventBus\BuildingBlocks.EventBus.Local\BuildingBlocks.EventBus.Local.csproj", "{5CAD4612-9935-4737-B7AF-FB7098D82A0F}"
EndProject
Project("{FAE04EC0-301F-11D3-BF4B-00C04F79EFBC}") = "BuildingBlocks.EventBus.Domain", "src\BuildingBlocks\EventBus\BuildingBlocks.EventBus.Domain\BuildingBlocks.EventBus.Domain.csproj", "{90881E10-D204-46DE-B99D-9EBF09E30600}"
EndProject
Project("{2150E333-8FDC-42A3-9474-1A3956D46DE8}") = "Contracts", "Contracts", "{3C66B940-2E36-419F-8D33-DD17BB5B4E01}"
EndProject
Project("{FAE04EC0-301F-11D3-BF4B-00C04F79EFBC}") = "QuizService.IntegrationEvents", "src\Services\Contracts\QuizService.IntegrationEvents\QuizService.IntegrationEvents.csproj", "{D1028095-4F5F-4269-A442-F17806E1AD60}"
EndProject
Project("{FAE04EC0-301F-11D3-BF4B-00C04F79EFBC}") = "UserService.API", "src\Services\UserService\UserService.API\UserService.API.csproj", "{2D292A55-1B00-E997-D6A3-A9AA029F4459}"
EndProject
Project("{FAE04EC0-301F-11D3-BF4B-00C04F79EFBC}") = "NotificationService.Worker", "src\Services\NotificationService\NotificationService.Worker\NotificationService.Worker.csproj", "{53CABB40-24C7-407A-9CB1-DEA25360CAA3}"
EndProject
Project("{FAE04EC0-301F-11D3-BF4B-00C04F79EFBC}") = "NotificationService.Application", "src\Services\NotificationService\NotificationService.Application\NotificationService.Application.csproj", "{0FCB0916-8F9D-40C2-8AAA-934EB2A25352}"
EndProject
Project("{FAE04EC0-301F-11D3-BF4B-00C04F79EFBC}") = "NotificationService.Infrastructure", "src\Services\NotificationService\NotificationService.Infrastructure\NotificationService.Infrastructure.csproj", "{2C0447BA-A6DC-4F06-84D9-C51898161BC5}"
EndProject
Project("{FAE04EC0-301F-11D3-BF4B-00C04F79EFBC}") = "UserService.Grpc.Proto", "src\Services\Contracts\UserService.Grpc.Proto\UserService.Grpc.Proto.csproj", "{82EB198A-4873-47CE-962B-B0C3EAEDD8D3}"
EndProject
Project("{FAE04EC0-301F-11D3-BF4B-00C04F79EFBC}") = "UserService.Grpc", "src\Services\UserService\UserService.Grpc\UserService.Grpc.csproj", "{19BD0573-B793-457C-9442-35D60A800354}"
EndProject
Project("{FAE04EC0-301F-11D3-BF4B-00C04F79EFBC}") = "UserService.Domain", "src\Services\UserService\UserService.Domain\UserService.Domain.csproj", "{270846F6-7C4D-4BD8-B92D-6C4F3577C342}"
EndProject
Project("{FAE04EC0-301F-11D3-BF4B-00C04F79EFBC}") = "UserService.Infrastructure", "src\Services\UserService\UserService.Infrastructure\UserService.Infrastructure.csproj", "{797605A9-0D8F-4D29-BE8E-0274773194E1}"
EndProject
Project("{2150E333-8FDC-42A3-9474-1A3956D46DE8}") = "NotificationService", "NotificationService", "{BDA3821A-C3B1-4DF0-AB21-85BAC5A809B1}"
EndProject
Project("{FAE04EC0-301F-11D3-BF4B-00C04F79EFBC}") = "NotificationService.Application.Tests", "tests\NotificationService\NotificationService.Application.Tests\NotificationService.Application.Tests.csproj", "{1AB18F1A-AA53-4E79-AD37-BE5A9B42207B}"
EndProject
Project("{2150E333-8FDC-42A3-9474-1A3956D46DE8}") = "ApiGateway", "ApiGateway", "{CB96EE69-3A35-9DDC-273B-95CFC5684B23}"
EndProject
Project("{FAE04EC0-301F-11D3-BF4B-00C04F79EFBC}") = "ApiGateway.API", "src\Services\ApiGateway\ApiGateway.API\ApiGateway.API.csproj", "{18142335-B5F6-4539-9464-96295ED8D97C}"
EndProject
Project("{2150E333-8FDC-42A3-9474-1A3956D46DE8}") = "Domain", "Domain", "{03EF6539-22FC-4BD1-9639-4C74E05B9043}"
EndProject
Project("{FAE04EC0-301F-11D3-BF4B-00C04F79EFBC}") = "BuildingBlocks.Domain", "src\BuildingBlocks\Domain\BuildingBlocks.Domain\BuildingBlocks.Domain.csproj", "{7D44459A-A7EE-BB73-E48D-68A59BC79D04}"
EndProject
Project("{2150E333-8FDC-42A3-9474-1A3956D46DE8}") = "Contracts", "Contracts", "{5DFDC2AD-B2E1-4999-ACD1-CA45561D758C}"
EndProject
Project("{2150E333-8FDC-42A3-9474-1A3956D46DE8}") = "Grpc", "Grpc", "{4C4DF839-B6F8-4202-BD8B-88EE12720D48}"
EndProject
Project("{2150E333-8FDC-42A3-9474-1A3956D46DE8}") = "Events", "Events", "{77300803-2696-40B6-9FE6-EC03B697FCCA}"
EndProject
Global
	GlobalSection(SolutionConfigurationPlatforms) = preSolution
		Debug|Any CPU = Debug|Any CPU
		Debug|x64 = Debug|x64
		Debug|x86 = Debug|x86
		Release|Any CPU = Release|Any CPU
		Release|x64 = Release|x64
		Release|x86 = Release|x86
	EndGlobalSection
	GlobalSection(ProjectConfigurationPlatforms) = postSolution
		{3110831F-3F40-4C65-8EA5-531D917F7676}.Debug|Any CPU.ActiveCfg = Debug|Any CPU
		{3110831F-3F40-4C65-8EA5-531D917F7676}.Debug|Any CPU.Build.0 = Debug|Any CPU
		{3110831F-3F40-4C65-8EA5-531D917F7676}.Debug|x64.ActiveCfg = Debug|Any CPU
		{3110831F-3F40-4C65-8EA5-531D917F7676}.Debug|x64.Build.0 = Debug|Any CPU
		{3110831F-3F40-4C65-8EA5-531D917F7676}.Debug|x86.ActiveCfg = Debug|Any CPU
		{3110831F-3F40-4C65-8EA5-531D917F7676}.Debug|x86.Build.0 = Debug|Any CPU
		{3110831F-3F40-4C65-8EA5-531D917F7676}.Release|Any CPU.ActiveCfg = Release|Any CPU
		{3110831F-3F40-4C65-8EA5-531D917F7676}.Release|Any CPU.Build.0 = Release|Any CPU
		{3110831F-3F40-4C65-8EA5-531D917F7676}.Release|x64.ActiveCfg = Release|Any CPU
		{3110831F-3F40-4C65-8EA5-531D917F7676}.Release|x64.Build.0 = Release|Any CPU
		{3110831F-3F40-4C65-8EA5-531D917F7676}.Release|x86.ActiveCfg = Release|Any CPU
		{3110831F-3F40-4C65-8EA5-531D917F7676}.Release|x86.Build.0 = Release|Any CPU
		{9F4C3BF0-62F6-4A36-9410-F3E7D28C712C}.Debug|Any CPU.ActiveCfg = Debug|Any CPU
		{9F4C3BF0-62F6-4A36-9410-F3E7D28C712C}.Debug|Any CPU.Build.0 = Debug|Any CPU
		{9F4C3BF0-62F6-4A36-9410-F3E7D28C712C}.Debug|x64.ActiveCfg = Debug|Any CPU
		{9F4C3BF0-62F6-4A36-9410-F3E7D28C712C}.Debug|x64.Build.0 = Debug|Any CPU
		{9F4C3BF0-62F6-4A36-9410-F3E7D28C712C}.Debug|x86.ActiveCfg = Debug|Any CPU
		{9F4C3BF0-62F6-4A36-9410-F3E7D28C712C}.Debug|x86.Build.0 = Debug|Any CPU
		{9F4C3BF0-62F6-4A36-9410-F3E7D28C712C}.Release|Any CPU.ActiveCfg = Release|Any CPU
		{9F4C3BF0-62F6-4A36-9410-F3E7D28C712C}.Release|Any CPU.Build.0 = Release|Any CPU
		{9F4C3BF0-62F6-4A36-9410-F3E7D28C712C}.Release|x64.ActiveCfg = Release|Any CPU
		{9F4C3BF0-62F6-4A36-9410-F3E7D28C712C}.Release|x64.Build.0 = Release|Any CPU
		{9F4C3BF0-62F6-4A36-9410-F3E7D28C712C}.Release|x86.ActiveCfg = Release|Any CPU
		{9F4C3BF0-62F6-4A36-9410-F3E7D28C712C}.Release|x86.Build.0 = Release|Any CPU
		{534FCDB3-33DB-4182-B1F9-8010497ABC6E}.Debug|Any CPU.ActiveCfg = Debug|Any CPU
		{534FCDB3-33DB-4182-B1F9-8010497ABC6E}.Debug|Any CPU.Build.0 = Debug|Any CPU
		{534FCDB3-33DB-4182-B1F9-8010497ABC6E}.Debug|x64.ActiveCfg = Debug|Any CPU
		{534FCDB3-33DB-4182-B1F9-8010497ABC6E}.Debug|x64.Build.0 = Debug|Any CPU
		{534FCDB3-33DB-4182-B1F9-8010497ABC6E}.Debug|x86.ActiveCfg = Debug|Any CPU
		{534FCDB3-33DB-4182-B1F9-8010497ABC6E}.Debug|x86.Build.0 = Debug|Any CPU
		{534FCDB3-33DB-4182-B1F9-8010497ABC6E}.Release|Any CPU.ActiveCfg = Release|Any CPU
		{534FCDB3-33DB-4182-B1F9-8010497ABC6E}.Release|Any CPU.Build.0 = Release|Any CPU
		{534FCDB3-33DB-4182-B1F9-8010497ABC6E}.Release|x64.ActiveCfg = Release|Any CPU
		{534FCDB3-33DB-4182-B1F9-8010497ABC6E}.Release|x64.Build.0 = Release|Any CPU
		{534FCDB3-33DB-4182-B1F9-8010497ABC6E}.Release|x86.ActiveCfg = Release|Any CPU
		{534FCDB3-33DB-4182-B1F9-8010497ABC6E}.Release|x86.Build.0 = Release|Any CPU
		{5B2C8D02-6A67-40F9-940C-4ACF44F1F103}.Debug|Any CPU.ActiveCfg = Debug|Any CPU
		{5B2C8D02-6A67-40F9-940C-4ACF44F1F103}.Debug|Any CPU.Build.0 = Debug|Any CPU
		{5B2C8D02-6A67-40F9-940C-4ACF44F1F103}.Debug|x64.ActiveCfg = Debug|Any CPU
		{5B2C8D02-6A67-40F9-940C-4ACF44F1F103}.Debug|x64.Build.0 = Debug|Any CPU
		{5B2C8D02-6A67-40F9-940C-4ACF44F1F103}.Debug|x86.ActiveCfg = Debug|Any CPU
		{5B2C8D02-6A67-40F9-940C-4ACF44F1F103}.Debug|x86.Build.0 = Debug|Any CPU
		{5B2C8D02-6A67-40F9-940C-4ACF44F1F103}.Release|Any CPU.ActiveCfg = Release|Any CPU
		{5B2C8D02-6A67-40F9-940C-4ACF44F1F103}.Release|Any CPU.Build.0 = Release|Any CPU
		{5B2C8D02-6A67-40F9-940C-4ACF44F1F103}.Release|x64.ActiveCfg = Release|Any CPU
		{5B2C8D02-6A67-40F9-940C-4ACF44F1F103}.Release|x64.Build.0 = Release|Any CPU
		{5B2C8D02-6A67-40F9-940C-4ACF44F1F103}.Release|x86.ActiveCfg = Release|Any CPU
		{5B2C8D02-6A67-40F9-940C-4ACF44F1F103}.Release|x86.Build.0 = Release|Any CPU
		{EACEE6C1-9EFF-42A0-98E2-E02039D3BE20}.Debug|Any CPU.ActiveCfg = Debug|Any CPU
		{EACEE6C1-9EFF-42A0-98E2-E02039D3BE20}.Debug|Any CPU.Build.0 = Debug|Any CPU
		{EACEE6C1-9EFF-42A0-98E2-E02039D3BE20}.Debug|x64.ActiveCfg = Debug|Any CPU
		{EACEE6C1-9EFF-42A0-98E2-E02039D3BE20}.Debug|x64.Build.0 = Debug|Any CPU
		{EACEE6C1-9EFF-42A0-98E2-E02039D3BE20}.Debug|x86.ActiveCfg = Debug|Any CPU
		{EACEE6C1-9EFF-42A0-98E2-E02039D3BE20}.Debug|x86.Build.0 = Debug|Any CPU
		{EACEE6C1-9EFF-42A0-98E2-E02039D3BE20}.Release|Any CPU.ActiveCfg = Release|Any CPU
		{EACEE6C1-9EFF-42A0-98E2-E02039D3BE20}.Release|Any CPU.Build.0 = Release|Any CPU
		{EACEE6C1-9EFF-42A0-98E2-E02039D3BE20}.Release|x64.ActiveCfg = Release|Any CPU
		{EACEE6C1-9EFF-42A0-98E2-E02039D3BE20}.Release|x64.Build.0 = Release|Any CPU
		{EACEE6C1-9EFF-42A0-98E2-E02039D3BE20}.Release|x86.ActiveCfg = Release|Any CPU
		{EACEE6C1-9EFF-42A0-98E2-E02039D3BE20}.Release|x86.Build.0 = Release|Any CPU
		{DD718E55-84C6-47CA-8104-0EB97E4364CE}.Debug|Any CPU.ActiveCfg = Debug|Any CPU
		{DD718E55-84C6-47CA-8104-0EB97E4364CE}.Debug|Any CPU.Build.0 = Debug|Any CPU
		{DD718E55-84C6-47CA-8104-0EB97E4364CE}.Debug|x64.ActiveCfg = Debug|Any CPU
		{DD718E55-84C6-47CA-8104-0EB97E4364CE}.Debug|x64.Build.0 = Debug|Any CPU
		{DD718E55-84C6-47CA-8104-0EB97E4364CE}.Debug|x86.ActiveCfg = Debug|Any CPU
		{DD718E55-84C6-47CA-8104-0EB97E4364CE}.Debug|x86.Build.0 = Debug|Any CPU
		{DD718E55-84C6-47CA-8104-0EB97E4364CE}.Release|Any CPU.ActiveCfg = Release|Any CPU
		{DD718E55-84C6-47CA-8104-0EB97E4364CE}.Release|Any CPU.Build.0 = Release|Any CPU
		{DD718E55-84C6-47CA-8104-0EB97E4364CE}.Release|x64.ActiveCfg = Release|Any CPU
		{DD718E55-84C6-47CA-8104-0EB97E4364CE}.Release|x64.Build.0 = Release|Any CPU
		{DD718E55-84C6-47CA-8104-0EB97E4364CE}.Release|x86.ActiveCfg = Release|Any CPU
		{DD718E55-84C6-47CA-8104-0EB97E4364CE}.Release|x86.Build.0 = Release|Any CPU
		{CC4CE3F9-6375-4B41-BA55-8673871E9D81}.Debug|Any CPU.ActiveCfg = Debug|Any CPU
		{CC4CE3F9-6375-4B41-BA55-8673871E9D81}.Debug|Any CPU.Build.0 = Debug|Any CPU
		{CC4CE3F9-6375-4B41-BA55-8673871E9D81}.Debug|x64.ActiveCfg = Debug|Any CPU
		{CC4CE3F9-6375-4B41-BA55-8673871E9D81}.Debug|x64.Build.0 = Debug|Any CPU
		{CC4CE3F9-6375-4B41-BA55-8673871E9D81}.Debug|x86.ActiveCfg = Debug|Any CPU
		{CC4CE3F9-6375-4B41-BA55-8673871E9D81}.Debug|x86.Build.0 = Debug|Any CPU
		{CC4CE3F9-6375-4B41-BA55-8673871E9D81}.Release|Any CPU.ActiveCfg = Release|Any CPU
		{CC4CE3F9-6375-4B41-BA55-8673871E9D81}.Release|Any CPU.Build.0 = Release|Any CPU
		{CC4CE3F9-6375-4B41-BA55-8673871E9D81}.Release|x64.ActiveCfg = Release|Any CPU
		{CC4CE3F9-6375-4B41-BA55-8673871E9D81}.Release|x64.Build.0 = Release|Any CPU
		{CC4CE3F9-6375-4B41-BA55-8673871E9D81}.Release|x86.ActiveCfg = Release|Any CPU
		{CC4CE3F9-6375-4B41-BA55-8673871E9D81}.Release|x86.Build.0 = Release|Any CPU
		{786FB233-358F-453F-A925-5DC2CE17FD4D}.Debug|Any CPU.ActiveCfg = Debug|Any CPU
		{786FB233-358F-453F-A925-5DC2CE17FD4D}.Debug|Any CPU.Build.0 = Debug|Any CPU
		{786FB233-358F-453F-A925-5DC2CE17FD4D}.Debug|x64.ActiveCfg = Debug|Any CPU
		{786FB233-358F-453F-A925-5DC2CE17FD4D}.Debug|x64.Build.0 = Debug|Any CPU
		{786FB233-358F-453F-A925-5DC2CE17FD4D}.Debug|x86.ActiveCfg = Debug|Any CPU
		{786FB233-358F-453F-A925-5DC2CE17FD4D}.Debug|x86.Build.0 = Debug|Any CPU
		{786FB233-358F-453F-A925-5DC2CE17FD4D}.Release|Any CPU.ActiveCfg = Release|Any CPU
		{786FB233-358F-453F-A925-5DC2CE17FD4D}.Release|Any CPU.Build.0 = Release|Any CPU
		{786FB233-358F-453F-A925-5DC2CE17FD4D}.Release|x64.ActiveCfg = Release|Any CPU
		{786FB233-358F-453F-A925-5DC2CE17FD4D}.Release|x64.Build.0 = Release|Any CPU
		{786FB233-358F-453F-A925-5DC2CE17FD4D}.Release|x86.ActiveCfg = Release|Any CPU
		{786FB233-358F-453F-A925-5DC2CE17FD4D}.Release|x86.Build.0 = Release|Any CPU
		{B8493658-1FC6-4061-8D2D-963915E3D179}.Debug|Any CPU.ActiveCfg = Debug|Any CPU
		{B8493658-1FC6-4061-8D2D-963915E3D179}.Debug|Any CPU.Build.0 = Debug|Any CPU
		{B8493658-1FC6-4061-8D2D-963915E3D179}.Debug|x64.ActiveCfg = Debug|Any CPU
		{B8493658-1FC6-4061-8D2D-963915E3D179}.Debug|x64.Build.0 = Debug|Any CPU
		{B8493658-1FC6-4061-8D2D-963915E3D179}.Debug|x86.ActiveCfg = Debug|Any CPU
		{B8493658-1FC6-4061-8D2D-963915E3D179}.Debug|x86.Build.0 = Debug|Any CPU
		{B8493658-1FC6-4061-8D2D-963915E3D179}.Release|Any CPU.ActiveCfg = Release|Any CPU
		{B8493658-1FC6-4061-8D2D-963915E3D179}.Release|Any CPU.Build.0 = Release|Any CPU
		{B8493658-1FC6-4061-8D2D-963915E3D179}.Release|x64.ActiveCfg = Release|Any CPU
		{B8493658-1FC6-4061-8D2D-963915E3D179}.Release|x64.Build.0 = Release|Any CPU
		{B8493658-1FC6-4061-8D2D-963915E3D179}.Release|x86.ActiveCfg = Release|Any CPU
		{B8493658-1FC6-4061-8D2D-963915E3D179}.Release|x86.Build.0 = Release|Any CPU
		{8FC6AEDD-DD3A-4796-BC0A-41A0F33C194C}.Debug|Any CPU.ActiveCfg = Debug|Any CPU
		{8FC6AEDD-DD3A-4796-BC0A-41A0F33C194C}.Debug|Any CPU.Build.0 = Debug|Any CPU
		{8FC6AEDD-DD3A-4796-BC0A-41A0F33C194C}.Debug|x64.ActiveCfg = Debug|Any CPU
		{8FC6AEDD-DD3A-4796-BC0A-41A0F33C194C}.Debug|x64.Build.0 = Debug|Any CPU
		{8FC6AEDD-DD3A-4796-BC0A-41A0F33C194C}.Debug|x86.ActiveCfg = Debug|Any CPU
		{8FC6AEDD-DD3A-4796-BC0A-41A0F33C194C}.Debug|x86.Build.0 = Debug|Any CPU
		{8FC6AEDD-DD3A-4796-BC0A-41A0F33C194C}.Release|Any CPU.ActiveCfg = Release|Any CPU
		{8FC6AEDD-DD3A-4796-BC0A-41A0F33C194C}.Release|Any CPU.Build.0 = Release|Any CPU
		{8FC6AEDD-DD3A-4796-BC0A-41A0F33C194C}.Release|x64.ActiveCfg = Release|Any CPU
		{8FC6AEDD-DD3A-4796-BC0A-41A0F33C194C}.Release|x64.Build.0 = Release|Any CPU
		{8FC6AEDD-DD3A-4796-BC0A-41A0F33C194C}.Release|x86.ActiveCfg = Release|Any CPU
		{8FC6AEDD-DD3A-4796-BC0A-41A0F33C194C}.Release|x86.Build.0 = Release|Any CPU
		{0DD22478-1F03-53AD-8A2F-016AAD31F411}.Debug|Any CPU.ActiveCfg = Debug|Any CPU
		{0DD22478-1F03-53AD-8A2F-016AAD31F411}.Debug|Any CPU.Build.0 = Debug|Any CPU
		{0DD22478-1F03-53AD-8A2F-016AAD31F411}.Debug|x64.ActiveCfg = Debug|Any CPU
		{0DD22478-1F03-53AD-8A2F-016AAD31F411}.Debug|x64.Build.0 = Debug|Any CPU
		{0DD22478-1F03-53AD-8A2F-016AAD31F411}.Debug|x86.ActiveCfg = Debug|Any CPU
		{0DD22478-1F03-53AD-8A2F-016AAD31F411}.Debug|x86.Build.0 = Debug|Any CPU
		{0DD22478-1F03-53AD-8A2F-016AAD31F411}.Release|Any CPU.ActiveCfg = Release|Any CPU
		{0DD22478-1F03-53AD-8A2F-016AAD31F411}.Release|Any CPU.Build.0 = Release|Any CPU
		{0DD22478-1F03-53AD-8A2F-016AAD31F411}.Release|x64.ActiveCfg = Release|Any CPU
		{0DD22478-1F03-53AD-8A2F-016AAD31F411}.Release|x64.Build.0 = Release|Any CPU
		{0DD22478-1F03-53AD-8A2F-016AAD31F411}.Release|x86.ActiveCfg = Release|Any CPU
		{0DD22478-1F03-53AD-8A2F-016AAD31F411}.Release|x86.Build.0 = Release|Any CPU
		{81DDED9D-158B-E303-5F62-77A2896D2A5A}.Debug|Any CPU.ActiveCfg = Debug|Any CPU
		{81DDED9D-158B-E303-5F62-77A2896D2A5A}.Debug|Any CPU.Build.0 = Debug|Any CPU
		{81DDED9D-158B-E303-5F62-77A2896D2A5A}.Debug|x64.ActiveCfg = Debug|x64
		{81DDED9D-158B-E303-5F62-77A2896D2A5A}.Debug|x86.ActiveCfg = Debug|x86
		{81DDED9D-158B-E303-5F62-77A2896D2A5A}.Release|Any CPU.ActiveCfg = Release|Any CPU
		{81DDED9D-158B-E303-5F62-77A2896D2A5A}.Release|Any CPU.Build.0 = Release|Any CPU
		{81DDED9D-158B-E303-5F62-77A2896D2A5A}.Release|x64.ActiveCfg = Release|x64
		{81DDED9D-158B-E303-5F62-77A2896D2A5A}.Release|x86.ActiveCfg = Release|x86
		{A5D7C2F8-B9C4-4A15-9E9C-7E9B2E5E8A1D}.Debug|Any CPU.ActiveCfg = Debug|Any CPU
		{A5D7C2F8-B9C4-4A15-9E9C-7E9B2E5E8A1D}.Debug|Any CPU.Build.0 = Debug|Any CPU
		{A5D7C2F8-B9C4-4A15-9E9C-7E9B2E5E8A1D}.Debug|x64.ActiveCfg = Debug|Any CPU
		{A5D7C2F8-B9C4-4A15-9E9C-7E9B2E5E8A1D}.Debug|x64.Build.0 = Debug|Any CPU
		{A5D7C2F8-B9C4-4A15-9E9C-7E9B2E5E8A1D}.Debug|x86.ActiveCfg = Debug|Any CPU
		{A5D7C2F8-B9C4-4A15-9E9C-7E9B2E5E8A1D}.Debug|x86.Build.0 = Debug|Any CPU
		{A5D7C2F8-B9C4-4A15-9E9C-7E9B2E5E8A1D}.Release|Any CPU.ActiveCfg = Release|Any CPU
		{A5D7C2F8-B9C4-4A15-9E9C-7E9B2E5E8A1D}.Release|Any CPU.Build.0 = Release|Any CPU
		{A5D7C2F8-B9C4-4A15-9E9C-7E9B2E5E8A1D}.Release|x64.ActiveCfg = Release|Any CPU
		{A5D7C2F8-B9C4-4A15-9E9C-7E9B2E5E8A1D}.Release|x64.Build.0 = Release|Any CPU
		{A5D7C2F8-B9C4-4A15-9E9C-7E9B2E5E8A1D}.Release|x86.ActiveCfg = Release|Any CPU
		{A5D7C2F8-B9C4-4A15-9E9C-7E9B2E5E8A1D}.Release|x86.Build.0 = Release|Any CPU
		{E8421CB1-31D8-4672-ADAC-92FC6A2A2DED}.Debug|Any CPU.ActiveCfg = Debug|Any CPU
		{E8421CB1-31D8-4672-ADAC-92FC6A2A2DED}.Debug|Any CPU.Build.0 = Debug|Any CPU
		{E8421CB1-31D8-4672-ADAC-92FC6A2A2DED}.Debug|x64.ActiveCfg = Debug|Any CPU
		{E8421CB1-31D8-4672-ADAC-92FC6A2A2DED}.Debug|x64.Build.0 = Debug|Any CPU
		{E8421CB1-31D8-4672-ADAC-92FC6A2A2DED}.Debug|x86.ActiveCfg = Debug|Any CPU
		{E8421CB1-31D8-4672-ADAC-92FC6A2A2DED}.Debug|x86.Build.0 = Debug|Any CPU
		{E8421CB1-31D8-4672-ADAC-92FC6A2A2DED}.Release|Any CPU.ActiveCfg = Release|Any CPU
		{E8421CB1-31D8-4672-ADAC-92FC6A2A2DED}.Release|Any CPU.Build.0 = Release|Any CPU
		{E8421CB1-31D8-4672-ADAC-92FC6A2A2DED}.Release|x64.ActiveCfg = Release|Any CPU
		{E8421CB1-31D8-4672-ADAC-92FC6A2A2DED}.Release|x64.Build.0 = Release|Any CPU
		{E8421CB1-31D8-4672-ADAC-92FC6A2A2DED}.Release|x86.ActiveCfg = Release|Any CPU
		{E8421CB1-31D8-4672-ADAC-92FC6A2A2DED}.Release|x86.Build.0 = Release|Any CPU
		{1F8FEB23-0237-4F69-BC2F-CB609CF5DE65}.Debug|Any CPU.ActiveCfg = Debug|Any CPU
		{1F8FEB23-0237-4F69-BC2F-CB609CF5DE65}.Debug|Any CPU.Build.0 = Debug|Any CPU
		{1F8FEB23-0237-4F69-BC2F-CB609CF5DE65}.Debug|x64.ActiveCfg = Debug|Any CPU
		{1F8FEB23-0237-4F69-BC2F-CB609CF5DE65}.Debug|x64.Build.0 = Debug|Any CPU
		{1F8FEB23-0237-4F69-BC2F-CB609CF5DE65}.Debug|x86.ActiveCfg = Debug|Any CPU
		{1F8FEB23-0237-4F69-BC2F-CB609CF5DE65}.Debug|x86.Build.0 = Debug|Any CPU
		{1F8FEB23-0237-4F69-BC2F-CB609CF5DE65}.Release|Any CPU.ActiveCfg = Release|Any CPU
		{1F8FEB23-0237-4F69-BC2F-CB609CF5DE65}.Release|Any CPU.Build.0 = Release|Any CPU
		{1F8FEB23-0237-4F69-BC2F-CB609CF5DE65}.Release|x64.ActiveCfg = Release|Any CPU
		{1F8FEB23-0237-4F69-BC2F-CB609CF5DE65}.Release|x64.Build.0 = Release|Any CPU
		{1F8FEB23-0237-4F69-BC2F-CB609CF5DE65}.Release|x86.ActiveCfg = Release|Any CPU
		{1F8FEB23-0237-4F69-BC2F-CB609CF5DE65}.Release|x86.Build.0 = Release|Any CPU
		{AE838E4A-7650-465E-B7F9-0A424E9AE956}.Debug|Any CPU.ActiveCfg = Debug|Any CPU
		{AE838E4A-7650-465E-B7F9-0A424E9AE956}.Debug|Any CPU.Build.0 = Debug|Any CPU
		{AE838E4A-7650-465E-B7F9-0A424E9AE956}.Debug|x64.ActiveCfg = Debug|Any CPU
		{AE838E4A-7650-465E-B7F9-0A424E9AE956}.Debug|x64.Build.0 = Debug|Any CPU
		{AE838E4A-7650-465E-B7F9-0A424E9AE956}.Debug|x86.ActiveCfg = Debug|Any CPU
		{AE838E4A-7650-465E-B7F9-0A424E9AE956}.Debug|x86.Build.0 = Debug|Any CPU
		{AE838E4A-7650-465E-B7F9-0A424E9AE956}.Release|Any CPU.ActiveCfg = Release|Any CPU
		{AE838E4A-7650-465E-B7F9-0A424E9AE956}.Release|Any CPU.Build.0 = Release|Any CPU
		{AE838E4A-7650-465E-B7F9-0A424E9AE956}.Release|x64.ActiveCfg = Release|Any CPU
		{AE838E4A-7650-465E-B7F9-0A424E9AE956}.Release|x64.Build.0 = Release|Any CPU
		{AE838E4A-7650-465E-B7F9-0A424E9AE956}.Release|x86.ActiveCfg = Release|Any CPU
		{AE838E4A-7650-465E-B7F9-0A424E9AE956}.Release|x86.Build.0 = Release|Any CPU
		{5CAD4612-9935-4737-B7AF-FB7098D82A0F}.Debug|Any CPU.ActiveCfg = Debug|Any CPU
		{5CAD4612-9935-4737-B7AF-FB7098D82A0F}.Debug|Any CPU.Build.0 = Debug|Any CPU
		{5CAD4612-9935-4737-B7AF-FB7098D82A0F}.Debug|x64.ActiveCfg = Debug|Any CPU
		{5CAD4612-9935-4737-B7AF-FB7098D82A0F}.Debug|x64.Build.0 = Debug|Any CPU
		{5CAD4612-9935-4737-B7AF-FB7098D82A0F}.Debug|x86.ActiveCfg = Debug|Any CPU
		{5CAD4612-9935-4737-B7AF-FB7098D82A0F}.Debug|x86.Build.0 = Debug|Any CPU
		{5CAD4612-9935-4737-B7AF-FB7098D82A0F}.Release|Any CPU.ActiveCfg = Release|Any CPU
		{5CAD4612-9935-4737-B7AF-FB7098D82A0F}.Release|Any CPU.Build.0 = Release|Any CPU
		{5CAD4612-9935-4737-B7AF-FB7098D82A0F}.Release|x64.ActiveCfg = Release|Any CPU
		{5CAD4612-9935-4737-B7AF-FB7098D82A0F}.Release|x64.Build.0 = Release|Any CPU
		{5CAD4612-9935-4737-B7AF-FB7098D82A0F}.Release|x86.ActiveCfg = Release|Any CPU
		{5CAD4612-9935-4737-B7AF-FB7098D82A0F}.Release|x86.Build.0 = Release|Any CPU
		{90881E10-D204-46DE-B99D-9EBF09E30600}.Debug|Any CPU.ActiveCfg = Debug|Any CPU
		{90881E10-D204-46DE-B99D-9EBF09E30600}.Debug|Any CPU.Build.0 = Debug|Any CPU
		{90881E10-D204-46DE-B99D-9EBF09E30600}.Debug|x64.ActiveCfg = Debug|Any CPU
		{90881E10-D204-46DE-B99D-9EBF09E30600}.Debug|x64.Build.0 = Debug|Any CPU
		{90881E10-D204-46DE-B99D-9EBF09E30600}.Debug|x86.ActiveCfg = Debug|Any CPU
		{90881E10-D204-46DE-B99D-9EBF09E30600}.Debug|x86.Build.0 = Debug|Any CPU
		{90881E10-D204-46DE-B99D-9EBF09E30600}.Release|Any CPU.ActiveCfg = Release|Any CPU
		{90881E10-D204-46DE-B99D-9EBF09E30600}.Release|Any CPU.Build.0 = Release|Any CPU
		{90881E10-D204-46DE-B99D-9EBF09E30600}.Release|x64.ActiveCfg = Release|Any CPU
		{90881E10-D204-46DE-B99D-9EBF09E30600}.Release|x64.Build.0 = Release|Any CPU
		{90881E10-D204-46DE-B99D-9EBF09E30600}.Release|x86.ActiveCfg = Release|Any CPU
		{90881E10-D204-46DE-B99D-9EBF09E30600}.Release|x86.Build.0 = Release|Any CPU
		{D1028095-4F5F-4269-A442-F17806E1AD60}.Debug|Any CPU.ActiveCfg = Debug|Any CPU
		{D1028095-4F5F-4269-A442-F17806E1AD60}.Debug|Any CPU.Build.0 = Debug|Any CPU
		{D1028095-4F5F-4269-A442-F17806E1AD60}.Debug|x64.ActiveCfg = Debug|Any CPU
		{D1028095-4F5F-4269-A442-F17806E1AD60}.Debug|x64.Build.0 = Debug|Any CPU
		{D1028095-4F5F-4269-A442-F17806E1AD60}.Debug|x86.ActiveCfg = Debug|Any CPU
		{D1028095-4F5F-4269-A442-F17806E1AD60}.Debug|x86.Build.0 = Debug|Any CPU
		{D1028095-4F5F-4269-A442-F17806E1AD60}.Release|Any CPU.ActiveCfg = Release|Any CPU
		{D1028095-4F5F-4269-A442-F17806E1AD60}.Release|Any CPU.Build.0 = Release|Any CPU
		{D1028095-4F5F-4269-A442-F17806E1AD60}.Release|x64.ActiveCfg = Release|Any CPU
		{D1028095-4F5F-4269-A442-F17806E1AD60}.Release|x64.Build.0 = Release|Any CPU
		{D1028095-4F5F-4269-A442-F17806E1AD60}.Release|x86.ActiveCfg = Release|Any CPU
		{D1028095-4F5F-4269-A442-F17806E1AD60}.Release|x86.Build.0 = Release|Any CPU
		{2D292A55-1B00-E997-D6A3-A9AA029F4459}.Debug|Any CPU.ActiveCfg = Debug|Any CPU
		{2D292A55-1B00-E997-D6A3-A9AA029F4459}.Debug|Any CPU.Build.0 = Debug|Any CPU
		{2D292A55-1B00-E997-D6A3-A9AA029F4459}.Debug|x64.ActiveCfg = Debug|Any CPU
		{2D292A55-1B00-E997-D6A3-A9AA029F4459}.Debug|x64.Build.0 = Debug|Any CPU
		{2D292A55-1B00-E997-D6A3-A9AA029F4459}.Debug|x86.ActiveCfg = Debug|Any CPU
		{2D292A55-1B00-E997-D6A3-A9AA029F4459}.Debug|x86.Build.0 = Debug|Any CPU
		{2D292A55-1B00-E997-D6A3-A9AA029F4459}.Release|Any CPU.ActiveCfg = Release|Any CPU
		{2D292A55-1B00-E997-D6A3-A9AA029F4459}.Release|Any CPU.Build.0 = Release|Any CPU
		{2D292A55-1B00-E997-D6A3-A9AA029F4459}.Release|x64.ActiveCfg = Release|Any CPU
		{2D292A55-1B00-E997-D6A3-A9AA029F4459}.Release|x64.Build.0 = Release|Any CPU
		{2D292A55-1B00-E997-D6A3-A9AA029F4459}.Release|x86.ActiveCfg = Release|Any CPU
		{2D292A55-1B00-E997-D6A3-A9AA029F4459}.Release|x86.Build.0 = Release|Any CPU
		{53CABB40-24C7-407A-9CB1-DEA25360CAA3}.Debug|Any CPU.ActiveCfg = Debug|Any CPU
		{53CABB40-24C7-407A-9CB1-DEA25360CAA3}.Debug|Any CPU.Build.0 = Debug|Any CPU
		{53CABB40-24C7-407A-9CB1-DEA25360CAA3}.Debug|x64.ActiveCfg = Debug|Any CPU
		{53CABB40-24C7-407A-9CB1-DEA25360CAA3}.Debug|x64.Build.0 = Debug|Any CPU
		{53CABB40-24C7-407A-9CB1-DEA25360CAA3}.Debug|x86.ActiveCfg = Debug|Any CPU
		{53CABB40-24C7-407A-9CB1-DEA25360CAA3}.Debug|x86.Build.0 = Debug|Any CPU
		{53CABB40-24C7-407A-9CB1-DEA25360CAA3}.Release|Any CPU.ActiveCfg = Release|Any CPU
		{53CABB40-24C7-407A-9CB1-DEA25360CAA3}.Release|Any CPU.Build.0 = Release|Any CPU
		{53CABB40-24C7-407A-9CB1-DEA25360CAA3}.Release|x64.ActiveCfg = Release|Any CPU
		{53CABB40-24C7-407A-9CB1-DEA25360CAA3}.Release|x64.Build.0 = Release|Any CPU
		{53CABB40-24C7-407A-9CB1-DEA25360CAA3}.Release|x86.ActiveCfg = Release|Any CPU
		{53CABB40-24C7-407A-9CB1-DEA25360CAA3}.Release|x86.Build.0 = Release|Any CPU
		{0FCB0916-8F9D-40C2-8AAA-934EB2A25352}.Debug|Any CPU.ActiveCfg = Debug|Any CPU
		{0FCB0916-8F9D-40C2-8AAA-934EB2A25352}.Debug|Any CPU.Build.0 = Debug|Any CPU
		{0FCB0916-8F9D-40C2-8AAA-934EB2A25352}.Debug|x64.ActiveCfg = Debug|Any CPU
		{0FCB0916-8F9D-40C2-8AAA-934EB2A25352}.Debug|x64.Build.0 = Debug|Any CPU
		{0FCB0916-8F9D-40C2-8AAA-934EB2A25352}.Debug|x86.ActiveCfg = Debug|Any CPU
		{0FCB0916-8F9D-40C2-8AAA-934EB2A25352}.Debug|x86.Build.0 = Debug|Any CPU
		{0FCB0916-8F9D-40C2-8AAA-934EB2A25352}.Release|Any CPU.ActiveCfg = Release|Any CPU
		{0FCB0916-8F9D-40C2-8AAA-934EB2A25352}.Release|Any CPU.Build.0 = Release|Any CPU
		{0FCB0916-8F9D-40C2-8AAA-934EB2A25352}.Release|x64.ActiveCfg = Release|Any CPU
		{0FCB0916-8F9D-40C2-8AAA-934EB2A25352}.Release|x64.Build.0 = Release|Any CPU
		{0FCB0916-8F9D-40C2-8AAA-934EB2A25352}.Release|x86.ActiveCfg = Release|Any CPU
		{0FCB0916-8F9D-40C2-8AAA-934EB2A25352}.Release|x86.Build.0 = Release|Any CPU
		{2C0447BA-A6DC-4F06-84D9-C51898161BC5}.Debug|Any CPU.ActiveCfg = Debug|Any CPU
		{2C0447BA-A6DC-4F06-84D9-C51898161BC5}.Debug|Any CPU.Build.0 = Debug|Any CPU
		{2C0447BA-A6DC-4F06-84D9-C51898161BC5}.Debug|x64.ActiveCfg = Debug|Any CPU
		{2C0447BA-A6DC-4F06-84D9-C51898161BC5}.Debug|x64.Build.0 = Debug|Any CPU
		{2C0447BA-A6DC-4F06-84D9-C51898161BC5}.Debug|x86.ActiveCfg = Debug|Any CPU
		{2C0447BA-A6DC-4F06-84D9-C51898161BC5}.Debug|x86.Build.0 = Debug|Any CPU
		{2C0447BA-A6DC-4F06-84D9-C51898161BC5}.Release|Any CPU.ActiveCfg = Release|Any CPU
		{2C0447BA-A6DC-4F06-84D9-C51898161BC5}.Release|Any CPU.Build.0 = Release|Any CPU
		{2C0447BA-A6DC-4F06-84D9-C51898161BC5}.Release|x64.ActiveCfg = Release|Any CPU
		{2C0447BA-A6DC-4F06-84D9-C51898161BC5}.Release|x64.Build.0 = Release|Any CPU
		{2C0447BA-A6DC-4F06-84D9-C51898161BC5}.Release|x86.ActiveCfg = Release|Any CPU
		{2C0447BA-A6DC-4F06-84D9-C51898161BC5}.Release|x86.Build.0 = Release|Any CPU
		{82EB198A-4873-47CE-962B-B0C3EAEDD8D3}.Debug|Any CPU.ActiveCfg = Debug|Any CPU
		{82EB198A-4873-47CE-962B-B0C3EAEDD8D3}.Debug|Any CPU.Build.0 = Debug|Any CPU
		{82EB198A-4873-47CE-962B-B0C3EAEDD8D3}.Debug|x64.ActiveCfg = Debug|Any CPU
		{82EB198A-4873-47CE-962B-B0C3EAEDD8D3}.Debug|x64.Build.0 = Debug|Any CPU
		{82EB198A-4873-47CE-962B-B0C3EAEDD8D3}.Debug|x86.ActiveCfg = Debug|Any CPU
		{82EB198A-4873-47CE-962B-B0C3EAEDD8D3}.Debug|x86.Build.0 = Debug|Any CPU
		{82EB198A-4873-47CE-962B-B0C3EAEDD8D3}.Release|Any CPU.ActiveCfg = Release|Any CPU
		{82EB198A-4873-47CE-962B-B0C3EAEDD8D3}.Release|Any CPU.Build.0 = Release|Any CPU
		{82EB198A-4873-47CE-962B-B0C3EAEDD8D3}.Release|x64.ActiveCfg = Release|Any CPU
		{82EB198A-4873-47CE-962B-B0C3EAEDD8D3}.Release|x64.Build.0 = Release|Any CPU
		{82EB198A-4873-47CE-962B-B0C3EAEDD8D3}.Release|x86.ActiveCfg = Release|Any CPU
		{82EB198A-4873-47CE-962B-B0C3EAEDD8D3}.Release|x86.Build.0 = Release|Any CPU
		{19BD0573-B793-457C-9442-35D60A800354}.Debug|Any CPU.ActiveCfg = Debug|Any CPU
		{19BD0573-B793-457C-9442-35D60A800354}.Debug|Any CPU.Build.0 = Debug|Any CPU
		{19BD0573-B793-457C-9442-35D60A800354}.Debug|x64.ActiveCfg = Debug|Any CPU
		{19BD0573-B793-457C-9442-35D60A800354}.Debug|x64.Build.0 = Debug|Any CPU
		{19BD0573-B793-457C-9442-35D60A800354}.Debug|x86.ActiveCfg = Debug|Any CPU
		{19BD0573-B793-457C-9442-35D60A800354}.Debug|x86.Build.0 = Debug|Any CPU
		{19BD0573-B793-457C-9442-35D60A800354}.Release|Any CPU.ActiveCfg = Release|Any CPU
		{19BD0573-B793-457C-9442-35D60A800354}.Release|Any CPU.Build.0 = Release|Any CPU
		{19BD0573-B793-457C-9442-35D60A800354}.Release|x64.ActiveCfg = Release|Any CPU
		{19BD0573-B793-457C-9442-35D60A800354}.Release|x64.Build.0 = Release|Any CPU
		{19BD0573-B793-457C-9442-35D60A800354}.Release|x86.ActiveCfg = Release|Any CPU
		{19BD0573-B793-457C-9442-35D60A800354}.Release|x86.Build.0 = Release|Any CPU
		{270846F6-7C4D-4BD8-B92D-6C4F3577C342}.Debug|Any CPU.ActiveCfg = Debug|Any CPU
		{270846F6-7C4D-4BD8-B92D-6C4F3577C342}.Debug|Any CPU.Build.0 = Debug|Any CPU
		{270846F6-7C4D-4BD8-B92D-6C4F3577C342}.Debug|x64.ActiveCfg = Debug|Any CPU
		{270846F6-7C4D-4BD8-B92D-6C4F3577C342}.Debug|x64.Build.0 = Debug|Any CPU
		{270846F6-7C4D-4BD8-B92D-6C4F3577C342}.Debug|x86.ActiveCfg = Debug|Any CPU
		{270846F6-7C4D-4BD8-B92D-6C4F3577C342}.Debug|x86.Build.0 = Debug|Any CPU
		{270846F6-7C4D-4BD8-B92D-6C4F3577C342}.Release|Any CPU.ActiveCfg = Release|Any CPU
		{270846F6-7C4D-4BD8-B92D-6C4F3577C342}.Release|Any CPU.Build.0 = Release|Any CPU
		{270846F6-7C4D-4BD8-B92D-6C4F3577C342}.Release|x64.ActiveCfg = Release|Any CPU
		{270846F6-7C4D-4BD8-B92D-6C4F3577C342}.Release|x64.Build.0 = Release|Any CPU
		{270846F6-7C4D-4BD8-B92D-6C4F3577C342}.Release|x86.ActiveCfg = Release|Any CPU
		{270846F6-7C4D-4BD8-B92D-6C4F3577C342}.Release|x86.Build.0 = Release|Any CPU
		{797605A9-0D8F-4D29-BE8E-0274773194E1}.Debug|Any CPU.ActiveCfg = Debug|Any CPU
		{797605A9-0D8F-4D29-BE8E-0274773194E1}.Debug|Any CPU.Build.0 = Debug|Any CPU
		{797605A9-0D8F-4D29-BE8E-0274773194E1}.Debug|x64.ActiveCfg = Debug|Any CPU
		{797605A9-0D8F-4D29-BE8E-0274773194E1}.Debug|x64.Build.0 = Debug|Any CPU
		{797605A9-0D8F-4D29-BE8E-0274773194E1}.Debug|x86.ActiveCfg = Debug|Any CPU
		{797605A9-0D8F-4D29-BE8E-0274773194E1}.Debug|x86.Build.0 = Debug|Any CPU
		{797605A9-0D8F-4D29-BE8E-0274773194E1}.Release|Any CPU.ActiveCfg = Release|Any CPU
		{797605A9-0D8F-4D29-BE8E-0274773194E1}.Release|Any CPU.Build.0 = Release|Any CPU
		{797605A9-0D8F-4D29-BE8E-0274773194E1}.Release|x64.ActiveCfg = Release|Any CPU
		{797605A9-0D8F-4D29-BE8E-0274773194E1}.Release|x64.Build.0 = Release|Any CPU
		{797605A9-0D8F-4D29-BE8E-0274773194E1}.Release|x86.ActiveCfg = Release|Any CPU
		{797605A9-0D8F-4D29-BE8E-0274773194E1}.Release|x86.Build.0 = Release|Any CPU
		{1AB18F1A-AA53-4E79-AD37-BE5A9B42207B}.Debug|Any CPU.ActiveCfg = Debug|Any CPU
		{1AB18F1A-AA53-4E79-AD37-BE5A9B42207B}.Debug|Any CPU.Build.0 = Debug|Any CPU
		{1AB18F1A-AA53-4E79-AD37-BE5A9B42207B}.Debug|x64.ActiveCfg = Debug|Any CPU
		{1AB18F1A-AA53-4E79-AD37-BE5A9B42207B}.Debug|x64.Build.0 = Debug|Any CPU
		{1AB18F1A-AA53-4E79-AD37-BE5A9B42207B}.Debug|x86.ActiveCfg = Debug|Any CPU
		{1AB18F1A-AA53-4E79-AD37-BE5A9B42207B}.Debug|x86.Build.0 = Debug|Any CPU
		{1AB18F1A-AA53-4E79-AD37-BE5A9B42207B}.Release|Any CPU.ActiveCfg = Release|Any CPU
		{1AB18F1A-AA53-4E79-AD37-BE5A9B42207B}.Release|Any CPU.Build.0 = Release|Any CPU
		{1AB18F1A-AA53-4E79-AD37-BE5A9B42207B}.Release|x64.ActiveCfg = Release|Any CPU
		{1AB18F1A-AA53-4E79-AD37-BE5A9B42207B}.Release|x64.Build.0 = Release|Any CPU
		{1AB18F1A-AA53-4E79-AD37-BE5A9B42207B}.Release|x86.ActiveCfg = Release|Any CPU
		{1AB18F1A-AA53-4E79-AD37-BE5A9B42207B}.Release|x86.Build.0 = Release|Any CPU
		{18142335-B5F6-4539-9464-96295ED8D97C}.Debug|Any CPU.ActiveCfg = Debug|Any CPU
		{18142335-B5F6-4539-9464-96295ED8D97C}.Debug|Any CPU.Build.0 = Debug|Any CPU
		{18142335-B5F6-4539-9464-96295ED8D97C}.Debug|x64.ActiveCfg = Debug|Any CPU
		{18142335-B5F6-4539-9464-96295ED8D97C}.Debug|x64.Build.0 = Debug|Any CPU
		{18142335-B5F6-4539-9464-96295ED8D97C}.Debug|x86.ActiveCfg = Debug|Any CPU
		{18142335-B5F6-4539-9464-96295ED8D97C}.Debug|x86.Build.0 = Debug|Any CPU
		{18142335-B5F6-4539-9464-96295ED8D97C}.Release|Any CPU.ActiveCfg = Release|Any CPU
		{18142335-B5F6-4539-9464-96295ED8D97C}.Release|Any CPU.Build.0 = Release|Any CPU
		{18142335-B5F6-4539-9464-96295ED8D97C}.Release|x64.ActiveCfg = Release|Any CPU
		{18142335-B5F6-4539-9464-96295ED8D97C}.Release|x64.Build.0 = Release|Any CPU
		{18142335-B5F6-4539-9464-96295ED8D97C}.Release|x86.ActiveCfg = Release|Any CPU
		{18142335-B5F6-4539-9464-96295ED8D97C}.Release|x86.Build.0 = Release|Any CPU
		{7D44459A-A7EE-BB73-E48D-68A59BC79D04}.Debug|Any CPU.ActiveCfg = Debug|Any CPU
		{7D44459A-A7EE-BB73-E48D-68A59BC79D04}.Debug|Any CPU.Build.0 = Debug|Any CPU
		{7D44459A-A7EE-BB73-E48D-68A59BC79D04}.Debug|x64.ActiveCfg = Debug|Any CPU
		{7D44459A-A7EE-BB73-E48D-68A59BC79D04}.Debug|x64.Build.0 = Debug|Any CPU
		{7D44459A-A7EE-BB73-E48D-68A59BC79D04}.Debug|x86.ActiveCfg = Debug|Any CPU
		{7D44459A-A7EE-BB73-E48D-68A59BC79D04}.Debug|x86.Build.0 = Debug|Any CPU
		{7D44459A-A7EE-BB73-E48D-68A59BC79D04}.Release|Any CPU.ActiveCfg = Release|Any CPU
		{7D44459A-A7EE-BB73-E48D-68A59BC79D04}.Release|Any CPU.Build.0 = Release|Any CPU
		{7D44459A-A7EE-BB73-E48D-68A59BC79D04}.Release|x64.ActiveCfg = Release|Any CPU
		{7D44459A-A7EE-BB73-E48D-68A59BC79D04}.Release|x64.Build.0 = Release|Any CPU
		{7D44459A-A7EE-BB73-E48D-68A59BC79D04}.Release|x86.ActiveCfg = Release|Any CPU
		{7D44459A-A7EE-BB73-E48D-68A59BC79D04}.Release|x86.Build.0 = Release|Any CPU
	EndGlobalSection
	GlobalSection(SolutionProperties) = preSolution
		HideSolutionNode = FALSE
	EndGlobalSection
	GlobalSection(NestedProjects) = preSolution
		{7282354D-59AC-433A-81DD-F6E363790B5A} = {728B1D03-DEAC-439E-9AAB-D8BD53D893D9}
		{D657E525-9001-4534-88FE-CA7D24129D97} = {728B1D03-DEAC-439E-9AAB-D8BD53D893D9}
		{B7040F32-9567-468F-BE50-F41DF45A1540} = {728B1D03-DEAC-439E-9AAB-D8BD53D893D9}
		{8EEC121F-3C19-47CD-9B11-CE238F29404E} = {728B1D03-DEAC-439E-9AAB-D8BD53D893D9}
		{3110831F-3F40-4C65-8EA5-531D917F7676} = {B7040F32-9567-468F-BE50-F41DF45A1540}
		{9F4C3BF0-62F6-4A36-9410-F3E7D28C712C} = {B7040F32-9567-468F-BE50-F41DF45A1540}
		{534FCDB3-33DB-4182-B1F9-8010497ABC6E} = {B7040F32-9567-468F-BE50-F41DF45A1540}
		{5B2C8D02-6A67-40F9-940C-4ACF44F1F103} = {B7040F32-9567-468F-BE50-F41DF45A1540}
		{EACEE6C1-9EFF-42A0-98E2-E02039D3BE20} = {02EA681E-C7D8-13C7-8484-4AC65E1B71E8}
		{DD718E55-84C6-47CA-8104-0EB97E4364CE} = {7282354D-59AC-433A-81DD-F6E363790B5A}
		{CC4CE3F9-6375-4B41-BA55-8673871E9D81} = {7282354D-59AC-433A-81DD-F6E363790B5A}
		{786FB233-358F-453F-A925-5DC2CE17FD4D} = {7282354D-59AC-433A-81DD-F6E363790B5A}
		{B8493658-1FC6-4061-8D2D-963915E3D179} = {7282354D-59AC-433A-81DD-F6E363790B5A}
		{8FC6AEDD-DD3A-4796-BC0A-41A0F33C194C} = {D20BD56E-AF83-4E86-9FDB-993A1016379D}
		{0DD22478-1F03-53AD-8A2F-016AAD31F411} = {B7040F32-9567-468F-BE50-F41DF45A1540}
		{A5D7C2F8-B9C4-4A15-9E9C-7E9B2E5E8A1D} = {D20BD56E-AF83-4E86-9FDB-993A1016379D}
		{02EA681E-C7D8-13C7-8484-4AC65E1B71E8} = {2553874B-AB6A-4E6A-89E9-6C62A0296BA7}
		{D20BD56E-AF83-4E86-9FDB-993A1016379D} = {2553874B-AB6A-4E6A-89E9-6C62A0296BA7}
		{E8421CB1-31D8-4672-ADAC-92FC6A2A2DED} = {4C4DF839-B6F8-4202-BD8B-88EE12720D48}
		{728B1D03-DEAC-439E-9AAB-D8BD53D893D9} = {41AE6A66-E67D-4F93-B3BA-B189A9AADBE5}
		{7AC9FBC4-C34C-432B-8CB8-DB452B3F652A} = {41AE6A66-E67D-4F93-B3BA-B189A9AADBE5}
		{2BC621AF-A1D7-4CC9-8FBF-B0D72BB78F6D} = {7AC9FBC4-C34C-432B-8CB8-DB452B3F652A}
		{1F8FEB23-0237-4F69-BC2F-CB609CF5DE65} = {2BC621AF-A1D7-4CC9-8FBF-B0D72BB78F6D}
		{AE838E4A-7650-465E-B7F9-0A424E9AE956} = {2BC621AF-A1D7-4CC9-8FBF-B0D72BB78F6D}
		{5CAD4612-9935-4737-B7AF-FB7098D82A0F} = {2BC621AF-A1D7-4CC9-8FBF-B0D72BB78F6D}
		{90881E10-D204-46DE-B99D-9EBF09E30600} = {2BC621AF-A1D7-4CC9-8FBF-B0D72BB78F6D}
		{3C66B940-2E36-419F-8D33-DD17BB5B4E01} = {728B1D03-DEAC-439E-9AAB-D8BD53D893D9}
		{D1028095-4F5F-4269-A442-F17806E1AD60} = {77300803-2696-40B6-9FE6-EC03B697FCCA}
		{2D292A55-1B00-E997-D6A3-A9AA029F4459} = {8EEC121F-3C19-47CD-9B11-CE238F29404E}
		{53CABB40-24C7-407A-9CB1-DEA25360CAA3} = {D657E525-9001-4534-88FE-CA7D24129D97}
		{0FCB0916-8F9D-40C2-8AAA-934EB2A25352} = {D657E525-9001-4534-88FE-CA7D24129D97}
		{2C0447BA-A6DC-4F06-84D9-C51898161BC5} = {D657E525-9001-4534-88FE-CA7D24129D97}
		{82EB198A-4873-47CE-962B-B0C3EAEDD8D3} = {4C4DF839-B6F8-4202-BD8B-88EE12720D48}
		{19BD0573-B793-457C-9442-35D60A800354} = {8EEC121F-3C19-47CD-9B11-CE238F29404E}
		{270846F6-7C4D-4BD8-B92D-6C4F3577C342} = {8EEC121F-3C19-47CD-9B11-CE238F29404E}
		{797605A9-0D8F-4D29-BE8E-0274773194E1} = {8EEC121F-3C19-47CD-9B11-CE238F29404E}
		{BDA3821A-C3B1-4DF0-AB21-85BAC5A809B1} = {2553874B-AB6A-4E6A-89E9-6C62A0296BA7}
		{1AB18F1A-AA53-4E79-AD37-BE5A9B42207B} = {BDA3821A-C3B1-4DF0-AB21-85BAC5A809B1}
		{CB96EE69-3A35-9DDC-273B-95CFC5684B23} = {728B1D03-DEAC-439E-9AAB-D8BD53D893D9}
		{18142335-B5F6-4539-9464-96295ED8D97C} = {CB96EE69-3A35-9DDC-273B-95CFC5684B23}
		{03EF6539-22FC-4BD1-9639-4C74E05B9043} = {7AC9FBC4-C34C-432B-8CB8-DB452B3F652A}
		{7D44459A-A7EE-BB73-E48D-68A59BC79D04} = {03EF6539-22FC-4BD1-9639-4C74E05B9043}
		{5DFDC2AD-B2E1-4999-ACD1-CA45561D758C} = {7AC9FBC4-C34C-432B-8CB8-DB452B3F652A}
		{4C4DF839-B6F8-4202-BD8B-88EE12720D48} = {5DFDC2AD-B2E1-4999-ACD1-CA45561D758C}
		{77300803-2696-40B6-9FE6-EC03B697FCCA} = {5DFDC2AD-B2E1-4999-ACD1-CA45561D758C}
	EndGlobalSection
	GlobalSection(ExtensibilityGlobals) = postSolution
		SolutionGuid = {CAD04425-5E97-4B25-878B-32011A20D8FC}
	EndGlobalSection
EndGlobal
